// !$*UTF8*$!
{
	archiveVersion = 1;
	classes = {
	};
	objectVersion = 50;
	objects = {

/* Begin PBXBuildFile section */
		501D6D1223E7A7790028A8BA /* AppDelegate.swift in Sources */ = {isa = PBXBuildFile; fileRef = 501D6D1123E7A7790028A8BA /* AppDelegate.swift */; };
		501D6D1423E7A7790028A8BA /* SceneDelegate.swift in Sources */ = {isa = PBXBuildFile; fileRef = 501D6D1323E7A7790028A8BA /* SceneDelegate.swift */; };
		501D6D1623E7A7790028A8BA /* RepositoryListVC.swift in Sources */ = {isa = PBXBuildFile; fileRef = 501D6D1523E7A7790028A8BA /* RepositoryListVC.swift */; };
		501D6D1923E7A7790028A8BA /* Main.storyboard in Resources */ = {isa = PBXBuildFile; fileRef = 501D6D1723E7A7790028A8BA /* Main.storyboard */; };
		501D6D1B23E7A77D0028A8BA /* Assets.xcassets in Resources */ = {isa = PBXBuildFile; fileRef = 501D6D1A23E7A77D0028A8BA /* Assets.xcassets */; };
		501D6D1E23E7A77D0028A8BA /* LaunchScreen.storyboard in Resources */ = {isa = PBXBuildFile; fileRef = 501D6D1C23E7A77D0028A8BA /* LaunchScreen.storyboard */; };
		501D6D2623E7AC590028A8BA /* RequestRepositoryDelegate.swift in Sources */ = {isa = PBXBuildFile; fileRef = 501D6D2523E7AC590028A8BA /* RequestRepositoryDelegate.swift */; };
		501D6D2823E7B6A60028A8BA /* RepositoryModel.swift in Sources */ = {isa = PBXBuildFile; fileRef = 501D6D2723E7B6A60028A8BA /* RepositoryModel.swift */; };
		501D6D2B23E833910028A8BA /* RepositoryTableViewCell.swift in Sources */ = {isa = PBXBuildFile; fileRef = 501D6D2923E833910028A8BA /* RepositoryTableViewCell.swift */; };
		501D6D2C23E833910028A8BA /* RepositoryTableViewCell.xib in Resources */ = {isa = PBXBuildFile; fileRef = 501D6D2A23E833910028A8BA /* RepositoryTableViewCell.xib */; };
		501D6D2E23E8C8C10028A8BA /* Utils.swift in Sources */ = {isa = PBXBuildFile; fileRef = 501D6D2D23E8C8C00028A8BA /* Utils.swift */; };
		501D6D3123E8D09F0028A8BA /* SDWebImage.framework in Frameworks */ = {isa = PBXBuildFile; fileRef = 501D6D3023E8D09E0028A8BA /* SDWebImage.framework */; };
		501D6D3223E8D09F0028A8BA /* SDWebImage.framework in Embed Frameworks */ = {isa = PBXBuildFile; fileRef = 501D6D3023E8D09E0028A8BA /* SDWebImage.framework */; settings = {ATTRIBUTES = (CodeSignOnCopy, RemoveHeadersOnCopy, ); }; };
		501D6D3523E8D98D0028A8BA /* PullRequestModel.swift in Sources */ = {isa = PBXBuildFile; fileRef = 501D6D3423E8D98D0028A8BA /* PullRequestModel.swift */; };
		501D6D3723E8DF680028A8BA /* SkeletonView.framework in Frameworks */ = {isa = PBXBuildFile; fileRef = 501D6D3623E8DF680028A8BA /* SkeletonView.framework */; };
		501D6D3823E8DF680028A8BA /* SkeletonView.framework in Embed Frameworks */ = {isa = PBXBuildFile; fileRef = 501D6D3623E8DF680028A8BA /* SkeletonView.framework */; settings = {ATTRIBUTES = (CodeSignOnCopy, RemoveHeadersOnCopy, ); }; };
		501D6D3A23E9949B0028A8BA /* PullRequestListVC.swift in Sources */ = {isa = PBXBuildFile; fileRef = 501D6D3923E9949B0028A8BA /* PullRequestListVC.swift */; };
		501D6D3C23E99F9F0028A8BA /* RequestPullRequestDelegate.swift in Sources */ = {isa = PBXBuildFile; fileRef = 501D6D3B23E99F9F0028A8BA /* RequestPullRequestDelegate.swift */; };
		501D6D4023E9A8D60028A8BA /* PullRequestTableViewCell.swift in Sources */ = {isa = PBXBuildFile; fileRef = 501D6D3E23E9A8D60028A8BA /* PullRequestTableViewCell.swift */; };
		501D6D4123E9A8D60028A8BA /* PullRequestTableViewCell.xib in Resources */ = {isa = PBXBuildFile; fileRef = 501D6D3F23E9A8D60028A8BA /* PullRequestTableViewCell.xib */; };
/* End PBXBuildFile section */

/* Begin PBXCopyFilesBuildPhase section */
		501D6D3323E8D09F0028A8BA /* Embed Frameworks */ = {
			isa = PBXCopyFilesBuildPhase;
			buildActionMask = 2147483647;
			dstPath = "";
			dstSubfolderSpec = 10;
			files = (
				501D6D3823E8DF680028A8BA /* SkeletonView.framework in Embed Frameworks */,
				501D6D3223E8D09F0028A8BA /* SDWebImage.framework in Embed Frameworks */,
			);
			name = "Embed Frameworks";
			runOnlyForDeploymentPostprocessing = 0;
		};
/* End PBXCopyFilesBuildPhase section */

/* Begin PBXFileReference section */
		501D6D0E23E7A7790028A8BA /* RequestGitHub.app */ = {isa = PBXFileReference; explicitFileType = wrapper.application; includeInIndex = 0; path = RequestGitHub.app; sourceTree = BUILT_PRODUCTS_DIR; };
		501D6D1123E7A7790028A8BA /* AppDelegate.swift */ = {isa = PBXFileReference; lastKnownFileType = sourcecode.swift; path = AppDelegate.swift; sourceTree = "<group>"; };
		501D6D1323E7A7790028A8BA /* SceneDelegate.swift */ = {isa = PBXFileReference; lastKnownFileType = sourcecode.swift; path = SceneDelegate.swift; sourceTree = "<group>"; };
		501D6D1523E7A7790028A8BA /* RepositoryListVC.swift */ = {isa = PBXFileReference; lastKnownFileType = sourcecode.swift; path = RepositoryListVC.swift; sourceTree = "<group>"; };
		501D6D1823E7A7790028A8BA /* Base */ = {isa = PBXFileReference; lastKnownFileType = file.storyboard; name = Base; path = Base.lproj/Main.storyboard; sourceTree = "<group>"; };
		501D6D1A23E7A77D0028A8BA /* Assets.xcassets */ = {isa = PBXFileReference; lastKnownFileType = folder.assetcatalog; path = Assets.xcassets; sourceTree = "<group>"; };
		501D6D1D23E7A77D0028A8BA /* Base */ = {isa = PBXFileReference; lastKnownFileType = file.storyboard; name = Base; path = Base.lproj/LaunchScreen.storyboard; sourceTree = "<group>"; };
		501D6D1F23E7A77D0028A8BA /* Info.plist */ = {isa = PBXFileReference; lastKnownFileType = text.plist.xml; path = Info.plist; sourceTree = "<group>"; };
		501D6D2523E7AC590028A8BA /* RequestRepositoryDelegate.swift */ = {isa = PBXFileReference; lastKnownFileType = sourcecode.swift; path = RequestRepositoryDelegate.swift; sourceTree = "<group>"; };
		501D6D2723E7B6A60028A8BA /* RepositoryModel.swift */ = {isa = PBXFileReference; lastKnownFileType = sourcecode.swift; path = RepositoryModel.swift; sourceTree = "<group>"; };
		501D6D2923E833910028A8BA /* RepositoryTableViewCell.swift */ = {isa = PBXFileReference; lastKnownFileType = sourcecode.swift; path = RepositoryTableViewCell.swift; sourceTree = "<group>"; };
		501D6D2A23E833910028A8BA /* RepositoryTableViewCell.xib */ = {isa = PBXFileReference; lastKnownFileType = file.xib; path = RepositoryTableViewCell.xib; sourceTree = "<group>"; };
		501D6D2D23E8C8C00028A8BA /* Utils.swift */ = {isa = PBXFileReference; lastKnownFileType = sourcecode.swift; path = Utils.swift; sourceTree = "<group>"; };
		501D6D3023E8D09E0028A8BA /* SDWebImage.framework */ = {isa = PBXFileReference; lastKnownFileType = wrapper.framework; name = SDWebImage.framework; path = Carthage/Build/iOS/SDWebImage.framework; sourceTree = "<group>"; };
		501D6D3423E8D98D0028A8BA /* PullRequestModel.swift */ = {isa = PBXFileReference; lastKnownFileType = sourcecode.swift; path = PullRequestModel.swift; sourceTree = "<group>"; };
		501D6D3623E8DF680028A8BA /* SkeletonView.framework */ = {isa = PBXFileReference; lastKnownFileType = wrapper.framework; name = SkeletonView.framework; path = Carthage/Build/iOS/SkeletonView.framework; sourceTree = "<group>"; };
		501D6D3923E9949B0028A8BA /* PullRequestListVC.swift */ = {isa = PBXFileReference; lastKnownFileType = sourcecode.swift; path = PullRequestListVC.swift; sourceTree = "<group>"; };
		501D6D3B23E99F9F0028A8BA /* RequestPullRequestDelegate.swift */ = {isa = PBXFileReference; lastKnownFileType = sourcecode.swift; path = RequestPullRequestDelegate.swift; sourceTree = "<group>"; };
		501D6D3E23E9A8D60028A8BA /* PullRequestTableViewCell.swift */ = {isa = PBXFileReference; lastKnownFileType = sourcecode.swift; path = PullRequestTableViewCell.swift; sourceTree = "<group>"; };
		501D6D3F23E9A8D60028A8BA /* PullRequestTableViewCell.xib */ = {isa = PBXFileReference; lastKnownFileType = file.xib; path = PullRequestTableViewCell.xib; sourceTree = "<group>"; };
		501D6D4923E9B47C0028A8BA /* XCTest.framework */ = {isa = PBXFileReference; lastKnownFileType = wrapper.framework; name = XCTest.framework; path = Platforms/iPhoneOS.platform/Developer/Library/Frameworks/XCTest.framework; sourceTree = DEVELOPER_DIR; };
/* End PBXFileReference section */

/* Begin PBXFrameworksBuildPhase section */
		501D6D0B23E7A7790028A8BA /* Frameworks */ = {
			isa = PBXFrameworksBuildPhase;
			buildActionMask = 2147483647;
			files = (
				501D6D3723E8DF680028A8BA /* SkeletonView.framework in Frameworks */,
				501D6D3123E8D09F0028A8BA /* SDWebImage.framework in Frameworks */,
			);
			runOnlyForDeploymentPostprocessing = 0;
		};
/* End PBXFrameworksBuildPhase section */

/* Begin PBXGroup section */
		501D6D0523E7A7790028A8BA = {
			isa = PBXGroup;
			children = (
				501D6D1023E7A7790028A8BA /* RequestGitHub */,
				501D6D0F23E7A7790028A8BA /* Products */,
				501D6D2F23E8D09C0028A8BA /* Frameworks */,
			);
			sourceTree = "<group>";
		};
		501D6D0F23E7A7790028A8BA /* Products */ = {
			isa = PBXGroup;
			children = (
				501D6D0E23E7A7790028A8BA /* RequestGitHub.app */,
			);
			name = Products;
			sourceTree = "<group>";
		};
		501D6D1023E7A7790028A8BA /* RequestGitHub */ = {
			isa = PBXGroup;
			children = (
				501D6D4523E9B2C40028A8BA /* Repository */,
				501D6D4623E9B2D40028A8BA /* PullRequest */,
				501D6D4323E9B29C0028A8BA /* Model */,
				501D6D4423E9B2A70028A8BA /* RequestDelegate */,
				501D6D1723E7A7790028A8BA /* Main.storyboard */,
				501D6D1123E7A7790028A8BA /* AppDelegate.swift */,
				501D6D1323E7A7790028A8BA /* SceneDelegate.swift */,
				501D6D2D23E8C8C00028A8BA /* Utils.swift */,
				501D6D1A23E7A77D0028A8BA /* Assets.xcassets */,
				501D6D1C23E7A77D0028A8BA /* LaunchScreen.storyboard */,
				501D6D1F23E7A77D0028A8BA /* Info.plist */,
			);
			path = RequestGitHub;
			sourceTree = "<group>";
		};
		501D6D2F23E8D09C0028A8BA /* Frameworks */ = {
			isa = PBXGroup;
			children = (
				501D6D4923E9B47C0028A8BA /* XCTest.framework */,
				501D6D3623E8DF680028A8BA /* SkeletonView.framework */,
				501D6D3023E8D09E0028A8BA /* SDWebImage.framework */,
			);
			name = Frameworks;
			sourceTree = "<group>";
		};
		501D6D3D23E9A88D0028A8BA /* RepositoryTableViewCell */ = {
			isa = PBXGroup;
			children = (
				501D6D2923E833910028A8BA /* RepositoryTableViewCell.swift */,
				501D6D2A23E833910028A8BA /* RepositoryTableViewCell.xib */,
			);
			path = RepositoryTableViewCell;
			sourceTree = "<group>";
		};
		501D6D4223E9B2700028A8BA /* PullRequestTableViewCell */ = {
			isa = PBXGroup;
			children = (
				501D6D3E23E9A8D60028A8BA /* PullRequestTableViewCell.swift */,
				501D6D3F23E9A8D60028A8BA /* PullRequestTableViewCell.xib */,
			);
			path = PullRequestTableViewCell;
			sourceTree = "<group>";
		};
		501D6D4323E9B29C0028A8BA /* Model */ = {
			isa = PBXGroup;
			children = (
				501D6D2723E7B6A60028A8BA /* RepositoryModel.swift */,
				501D6D3423E8D98D0028A8BA /* PullRequestModel.swift */,
			);
			path = Model;
			sourceTree = "<group>";
		};
		501D6D4423E9B2A70028A8BA /* RequestDelegate */ = {
			isa = PBXGroup;
			children = (
				501D6D3B23E99F9F0028A8BA /* RequestPullRequestDelegate.swift */,
				501D6D2523E7AC590028A8BA /* RequestRepositoryDelegate.swift */,
			);
			name = RequestDelegate;
			sourceTree = "<group>";
		};
		501D6D4523E9B2C40028A8BA /* Repository */ = {
			isa = PBXGroup;
			children = (
				501D6D1523E7A7790028A8BA /* RepositoryListVC.swift */,
				501D6D3D23E9A88D0028A8BA /* RepositoryTableViewCell */,
			);
			path = Repository;
			sourceTree = "<group>";
		};
		501D6D4623E9B2D40028A8BA /* PullRequest */ = {
			isa = PBXGroup;
			children = (
				501D6D4223E9B2700028A8BA /* PullRequestTableViewCell */,
				501D6D3923E9949B0028A8BA /* PullRequestListVC.swift */,
			);
			path = PullRequest;
			sourceTree = "<group>";
		};
/* End PBXGroup section */

/* Begin PBXNativeTarget section */
		501D6D0D23E7A7790028A8BA /* RequestGitHub */ = {
			isa = PBXNativeTarget;
			buildConfigurationList = 501D6D2223E7A77D0028A8BA /* Build configuration list for PBXNativeTarget "RequestGitHub" */;
			buildPhases = (
				501D6D0A23E7A7790028A8BA /* Sources */,
				501D6D0B23E7A7790028A8BA /* Frameworks */,
				501D6D0C23E7A7790028A8BA /* Resources */,
				501D6D3323E8D09F0028A8BA /* Embed Frameworks */,
			);
			buildRules = (
			);
			dependencies = (
			);
			name = RequestGitHub;
			productName = RequestGitHub;
			productReference = 501D6D0E23E7A7790028A8BA /* RequestGitHub.app */;
			productType = "com.apple.product-type.application";
		};
/* End PBXNativeTarget section */

/* Begin PBXProject section */
		501D6D0623E7A7790028A8BA /* Project object */ = {
			isa = PBXProject;
			attributes = {
				LastSwiftUpdateCheck = 1100;
				LastUpgradeCheck = 1100;
				ORGANIZATIONNAME = "Henrique Silva";
				TargetAttributes = {
					501D6D0D23E7A7790028A8BA = {
						CreatedOnToolsVersion = 11.0;
					};
				};
			};
			buildConfigurationList = 501D6D0923E7A7790028A8BA /* Build configuration list for PBXProject "RequestGitHub" */;
			compatibilityVersion = "Xcode 9.3";
			developmentRegion = en;
			hasScannedForEncodings = 0;
			knownRegions = (
				en,
				Base,
			);
			mainGroup = 501D6D0523E7A7790028A8BA;
			productRefGroup = 501D6D0F23E7A7790028A8BA /* Products */;
			projectDirPath = "";
			projectRoot = "";
			targets = (
				501D6D0D23E7A7790028A8BA /* RequestGitHub */,
			);
		};
/* End PBXProject section */

/* Begin PBXResourcesBuildPhase section */
		501D6D0C23E7A7790028A8BA /* Resources */ = {
			isa = PBXResourcesBuildPhase;
			buildActionMask = 2147483647;
			files = (
				501D6D1E23E7A77D0028A8BA /* LaunchScreen.storyboard in Resources */,
				501D6D1B23E7A77D0028A8BA /* Assets.xcassets in Resources */,
				501D6D1923E7A7790028A8BA /* Main.storyboard in Resources */,
				501D6D4123E9A8D60028A8BA /* PullRequestTableViewCell.xib in Resources */,
				501D6D2C23E833910028A8BA /* RepositoryTableViewCell.xib in Resources */,
			);
			runOnlyForDeploymentPostprocessing = 0;
		};
/* End PBXResourcesBuildPhase section */

/* Begin PBXSourcesBuildPhase section */
		501D6D0A23E7A7790028A8BA /* Sources */ = {
			isa = PBXSourcesBuildPhase;
			buildActionMask = 2147483647;
			files = (
				501D6D3523E8D98D0028A8BA /* PullRequestModel.swift in Sources */,
				501D6D3A23E9949B0028A8BA /* PullRequestListVC.swift in Sources */,
				501D6D1623E7A7790028A8BA /* RepositoryListVC.swift in Sources */,
				501D6D4023E9A8D60028A8BA /* PullRequestTableViewCell.swift in Sources */,
				501D6D2823E7B6A60028A8BA /* RepositoryModel.swift in Sources */,
				501D6D1223E7A7790028A8BA /* AppDelegate.swift in Sources */,
				501D6D2E23E8C8C10028A8BA /* Utils.swift in Sources */,
				501D6D2B23E833910028A8BA /* RepositoryTableViewCell.swift in Sources */,
				501D6D1423E7A7790028A8BA /* SceneDelegate.swift in Sources */,
				501D6D3C23E99F9F0028A8BA /* RequestPullRequestDelegate.swift in Sources */,
				501D6D2623E7AC590028A8BA /* RequestRepositoryDelegate.swift in Sources */,
			);
			runOnlyForDeploymentPostprocessing = 0;
		};
/* End PBXSourcesBuildPhase section */

/* Begin PBXVariantGroup section */
		501D6D1723E7A7790028A8BA /* Main.storyboard */ = {
			isa = PBXVariantGroup;
			children = (
				501D6D1823E7A7790028A8BA /* Base */,
			);
			name = Main.storyboard;
			sourceTree = "<group>";
		};
		501D6D1C23E7A77D0028A8BA /* LaunchScreen.storyboard */ = {
			isa = PBXVariantGroup;
			children = (
				501D6D1D23E7A77D0028A8BA /* Base */,
			);
			name = LaunchScreen.storyboard;
			sourceTree = "<group>";
		};
/* End PBXVariantGroup section */

/* Begin XCBuildConfiguration section */
		501D6D2023E7A77D0028A8BA /* Debug */ = {
			isa = XCBuildConfiguration;
			buildSettings = {
				ALWAYS_SEARCH_USER_PATHS = NO;
				CLANG_ANALYZER_NONNULL = YES;
				CLANG_ANALYZER_NUMBER_OBJECT_CONVERSION = YES_AGGRESSIVE;
				CLANG_CXX_LANGUAGE_STANDARD = "gnu++14";
				CLANG_CXX_LIBRARY = "libc++";
				CLANG_ENABLE_MODULES = YES;
				CLANG_ENABLE_OBJC_ARC = YES;
				CLANG_ENABLE_OBJC_WEAK = YES;
				CLANG_WARN_BLOCK_CAPTURE_AUTORELEASING = YES;
				CLANG_WARN_BOOL_CONVERSION = YES;
				CLANG_WARN_COMMA = YES;
				CLANG_WARN_CONSTANT_CONVERSION = YES;
				CLANG_WARN_DEPRECATED_OBJC_IMPLEMENTATIONS = YES;
				CLANG_WARN_DIRECT_OBJC_ISA_USAGE = YES_ERROR;
				CLANG_WARN_DOCUMENTATION_COMMENTS = YES;
				CLANG_WARN_EMPTY_BODY = YES;
				CLANG_WARN_ENUM_CONVERSION = YES;
				CLANG_WARN_INFINITE_RECURSION = YES;
				CLANG_WARN_INT_CONVERSION = YES;
				CLANG_WARN_NON_LITERAL_NULL_CONVERSION = YES;
				CLANG_WARN_OBJC_IMPLICIT_RETAIN_SELF = YES;
				CLANG_WARN_OBJC_LITERAL_CONVERSION = YES;
				CLANG_WARN_OBJC_ROOT_CLASS = YES_ERROR;
				CLANG_WARN_RANGE_LOOP_ANALYSIS = YES;
				CLANG_WARN_STRICT_PROTOTYPES = YES;
				CLANG_WARN_SUSPICIOUS_MOVE = YES;
				CLANG_WARN_UNGUARDED_AVAILABILITY = YES_AGGRESSIVE;
				CLANG_WARN_UNREACHABLE_CODE = YES;
				CLANG_WARN__DUPLICATE_METHOD_MATCH = YES;
				COPY_PHASE_STRIP = NO;
				DEBUG_INFORMATION_FORMAT = dwarf;
				ENABLE_STRICT_OBJC_MSGSEND = YES;
				ENABLE_TESTABILITY = YES;
				GCC_C_LANGUAGE_STANDARD = gnu11;
				GCC_DYNAMIC_NO_PIC = NO;
				GCC_NO_COMMON_BLOCKS = YES;
				GCC_OPTIMIZATION_LEVEL = 0;
				GCC_PREPROCESSOR_DEFINITIONS = (
					"DEBUG=1",
					"$(inherited)",
				);
				GCC_WARN_64_TO_32_BIT_CONVERSION = YES;
				GCC_WARN_ABOUT_RETURN_TYPE = YES_ERROR;
				GCC_WARN_UNDECLARED_SELECTOR = YES;
				GCC_WARN_UNINITIALIZED_AUTOS = YES_AGGRESSIVE;
				GCC_WARN_UNUSED_FUNCTION = YES;
				GCC_WARN_UNUSED_VARIABLE = YES;
				IPHONEOS_DEPLOYMENT_TARGET = 13.0;
				MTL_ENABLE_DEBUG_INFO = INCLUDE_SOURCE;
				MTL_FAST_MATH = YES;
				ONLY_ACTIVE_ARCH = YES;
				SDKROOT = iphoneos;
				SWIFT_ACTIVE_COMPILATION_CONDITIONS = DEBUG;
				SWIFT_OPTIMIZATION_LEVEL = "-Onone";
			};
			name = Debug;
		};
		501D6D2123E7A77D0028A8BA /* Release */ = {
			isa = XCBuildConfiguration;
			buildSettings = {
				ALWAYS_SEARCH_USER_PATHS = NO;
				CLANG_ANALYZER_NONNULL = YES;
				CLANG_ANALYZER_NUMBER_OBJECT_CONVERSION = YES_AGGRESSIVE;
				CLANG_CXX_LANGUAGE_STANDARD = "gnu++14";
				CLANG_CXX_LIBRARY = "libc++";
				CLANG_ENABLE_MODULES = YES;
				CLANG_ENABLE_OBJC_ARC = YES;
				CLANG_ENABLE_OBJC_WEAK = YES;
				CLANG_WARN_BLOCK_CAPTURE_AUTORELEASING = YES;
				CLANG_WARN_BOOL_CONVERSION = YES;
				CLANG_WARN_COMMA = YES;
				CLANG_WARN_CONSTANT_CONVERSION = YES;
				CLANG_WARN_DEPRECATED_OBJC_IMPLEMENTATIONS = YES;
				CLANG_WARN_DIRECT_OBJC_ISA_USAGE = YES_ERROR;
				CLANG_WARN_DOCUMENTATION_COMMENTS = YES;
				CLANG_WARN_EMPTY_BODY = YES;
				CLANG_WARN_ENUM_CONVERSION = YES;
				CLANG_WARN_INFINITE_RECURSION = YES;
				CLANG_WARN_INT_CONVERSION = YES;
				CLANG_WARN_NON_LITERAL_NULL_CONVERSION = YES;
				CLANG_WARN_OBJC_IMPLICIT_RETAIN_SELF = YES;
				CLANG_WARN_OBJC_LITERAL_CONVERSION = YES;
				CLANG_WARN_OBJC_ROOT_CLASS = YES_ERROR;
				CLANG_WARN_RANGE_LOOP_ANALYSIS = YES;
				CLANG_WARN_STRICT_PROTOTYPES = YES;
				CLANG_WARN_SUSPICIOUS_MOVE = YES;
				CLANG_WARN_UNGUARDED_AVAILABILITY = YES_AGGRESSIVE;
				CLANG_WARN_UNREACHABLE_CODE = YES;
				CLANG_WARN__DUPLICATE_METHOD_MATCH = YES;
				COPY_PHASE_STRIP = NO;
				DEBUG_INFORMATION_FORMAT = "dwarf-with-dsym";
				ENABLE_NS_ASSERTIONS = NO;
				ENABLE_STRICT_OBJC_MSGSEND = YES;
				GCC_C_LANGUAGE_STANDARD = gnu11;
				GCC_NO_COMMON_BLOCKS = YES;
				GCC_WARN_64_TO_32_BIT_CONVERSION = YES;
				GCC_WARN_ABOUT_RETURN_TYPE = YES_ERROR;
				GCC_WARN_UNDECLARED_SELECTOR = YES;
				GCC_WARN_UNINITIALIZED_AUTOS = YES_AGGRESSIVE;
				GCC_WARN_UNUSED_FUNCTION = YES;
				GCC_WARN_UNUSED_VARIABLE = YES;
				IPHONEOS_DEPLOYMENT_TARGET = 13.0;
				MTL_ENABLE_DEBUG_INFO = NO;
				MTL_FAST_MATH = YES;
				SDKROOT = iphoneos;
				SWIFT_COMPILATION_MODE = wholemodule;
				SWIFT_OPTIMIZATION_LEVEL = "-O";
				VALIDATE_PRODUCT = YES;
			};
			name = Release;
		};
		501D6D2323E7A77D0028A8BA /* Debug */ = {
			isa = XCBuildConfiguration;
			buildSettings = {
				ASSETCATALOG_COMPILER_APPICON_NAME = AppIcon;
				CODE_SIGN_STYLE = Automatic;
				DEVELOPMENT_TEAM = GW3Q692R66;
				FRAMEWORK_SEARCH_PATHS = (
					"$(inherited)",
					"$(PROJECT_DIR)/Carthage/Build/iOS",
				);
				INFOPLIST_FILE = RequestGitHub/Info.plist;
				LD_RUNPATH_SEARCH_PATHS = (
					"$(inherited)",
					"@executable_path/Frameworks",
				);
				PRODUCT_BUNDLE_IDENTIFIER = hrqsilva.RequestGitHub;
				PRODUCT_NAME = "$(TARGET_NAME)";
				SWIFT_VERSION = 5.0;
				TARGETED_DEVICE_FAMILY = "1,2";
			};
			name = Debug;
		};
		501D6D2423E7A77D0028A8BA /* Release */ = {
			isa = XCBuildConfiguration;
			buildSettings = {
				ASSETCATALOG_COMPILER_APPICON_NAME = AppIcon;
				CODE_SIGN_STYLE = Automatic;
				DEVELOPMENT_TEAM = GW3Q692R66;
				FRAMEWORK_SEARCH_PATHS = (
					"$(inherited)",
					"$(PROJECT_DIR)/Carthage/Build/iOS",
				);
				INFOPLIST_FILE = RequestGitHub/Info.plist;
				LD_RUNPATH_SEARCH_PATHS = (
					"$(inherited)",
					"@executable_path/Frameworks",
				);
				PRODUCT_BUNDLE_IDENTIFIER = hrqsilva.RequestGitHub;
				PRODUCT_NAME = "$(TARGET_NAME)";
				SWIFT_VERSION = 5.0;
				TARGETED_DEVICE_FAMILY = "1,2";
			};
			name = Release;
		};
/* End XCBuildConfiguration section */

/* Begin XCConfigurationList section */
		501D6D0923E7A7790028A8BA /* Build configuration list for PBXProject "RequestGitHub" */ = {
			isa = XCConfigurationList;
			buildConfigurations = (
				501D6D2023E7A77D0028A8BA /* Debug */,
				501D6D2123E7A77D0028A8BA /* Release */,
			);
			defaultConfigurationIsVisible = 0;
			defaultConfigurationName = Release;
		};
		501D6D2223E7A77D0028A8BA /* Build configuration list for PBXNativeTarget "RequestGitHub" */ = {
			isa = XCConfigurationList;
			buildConfigurations = (
				501D6D2323E7A77D0028A8BA /* Debug */,
				501D6D2423E7A77D0028A8BA /* Release */,
			);
			defaultConfigurationIsVisible = 0;
			defaultConfigurationName = Release;
		};
/* End XCConfigurationList section */
	};
	rootObject = 501D6D0623E7A7790028A8BA /* Project object */;
}
